
Microsoft Visual Studio Solution File, Format Version 12.00
# Visual Studio Version 17
VisualStudioVersion = 17.5.002.0
MinimumVisualStudioVersion = 10.0.40219.1
Project("{9A19103F-16F7-4668-BE54-9A1E7A4F7556}") = "day03", "day03.csproj", "{F2E438A3-050E-4F81-BF71-1877950FD465}"
EndProject
Global
	GlobalSection(SolutionConfigurationPlatforms) = preSolution
		Debug|Any CPU = Debug|Any CPU
		Release|Any CPU = Release|Any CPU
	EndGlobalSection
	GlobalSection(ProjectConfigurationPlatforms) = postSolution
		{F2E438A3-050E-4F81-BF71-1877950FD465}.Debug|Any CPU.ActiveCfg = Debug|Any CPU
		{F2E438A3-050E-4F81-BF71-1877950FD465}.Debug|Any CPU.Build.0 = Debug|Any CPU
		{F2E438A3-050E-4F81-BF71-1877950FD465}.Release|Any CPU.ActiveCfg = Release|Any CPU
		{F2E438A3-050E-4F81-BF71-1877950FD465}.Release|Any CPU.Build.0 = Release|Any CPU
	EndGlobalSection
	GlobalSection(SolutionProperties) = preSolution
		HideSolutionNode = FALSE
	EndGlobalSection
	GlobalSection(ExtensibilityGlobals) = postSolution
		SolutionGuid = {A96E4903-36CA-4959-9C4C-71D2302A6746}
	EndGlobalSection
EndGlobal
